
Microsoft Visual Studio Solution File, Format Version 12.00
# Visual Studio Version 17
VisualStudioVersion = 17.5.33424.131
MinimumVisualStudioVersion = 10.0.40219.1
Project("{9A19103F-16F7-4668-BE54-9A1E7A4F7556}") = "BeheaviorDrivenDevelopment.Tests.Behavior", "BeheaviorDrivenDevelopment.Tests.Behavior\BeheaviorDrivenDevelopment.Tests.Behavior.csproj", "{E9AE1D98-8784-4572-9EFA-4332D2B78C77}"
EndProject
Project("{9A19103F-16F7-4668-BE54-9A1E7A4F7556}") = "BehaviorDrivenDevelopment.Service", "BehaviorDrivenDevelopment.Service\BehaviorDrivenDevelopment.Service.csproj", "{D97D551B-A5E4-422E-B9A2-850A423787DB}"
EndProject
Global
	GlobalSection(SolutionConfigurationPlatforms) = preSolution
		Debug|Any CPU = Debug|Any CPU
		Release|Any CPU = Release|Any CPU
	EndGlobalSection
	GlobalSection(ProjectConfigurationPlatforms) = postSolution
		{E9AE1D98-8784-4572-9EFA-4332D2B78C77}.Debug|Any CPU.ActiveCfg = Debug|Any CPU
		{E9AE1D98-8784-4572-9EFA-4332D2B78C77}.Debug|Any CPU.Build.0 = Debug|Any CPU
		{E9AE1D98-8784-4572-9EFA-4332D2B78C77}.Release|Any CPU.ActiveCfg = Release|Any CPU
		{E9AE1D98-8784-4572-9EFA-4332D2B78C77}.Release|Any CPU.Build.0 = Release|Any CPU
		{D97D551B-A5E4-422E-B9A2-850A423787DB}.Debug|Any CPU.ActiveCfg = Debug|Any CPU
		{D97D551B-A5E4-422E-B9A2-850A423787DB}.Debug|Any CPU.Build.0 = Debug|Any CPU
		{D97D551B-A5E4-422E-B9A2-850A423787DB}.Release|Any CPU.ActiveCfg = Release|Any CPU
		{D97D551B-A5E4-422E-B9A2-850A423787DB}.Release|Any CPU.Build.0 = Release|Any CPU
	EndGlobalSection
	GlobalSection(SolutionProperties) = preSolution
		HideSolutionNode = FALSE
	EndGlobalSection
	GlobalSection(ExtensibilityGlobals) = postSolution
		SolutionGuid = {008252BE-26C2-44B6-A824-94D53E46E1DA}
	EndGlobalSection
EndGlobal
